
Microsoft Visual Studio Solution File, Format Version 12.00
Project("{FAE04EC0-301F-11D3-BF4B-00C04F79EFBC}") = "AnimalShelter", "AnimalShelter\AnimalShelter.csproj", "{B3D6CA65-2FF9-4224-BFF6-F49A08A95576}"
EndProject
Project("{FAE04EC0-301F-11D3-BF4B-00C04F79EFBC}") = "AnimalShelterTests", "AnimalShelterTests\AnimalShelterTests.csproj", "{4AD9994A-4074-489A-B38B-91028ED67AC5}"
EndProject
Project("{2150E333-8FDC-42A3-9474-1A3956D46DE8}") = "Solution.Items", "Solution.Items", "{765528B1-00C1-4CD4-9EB0-E91724B31E7E}"
	ProjectSection(SolutionItems) = preProject
		.gitignore = .gitignore
		Readme.md = Readme.md
	EndProjectSection
EndProject
Global
	GlobalSection(SolutionConfigurationPlatforms) = preSolution
		Debug|Any CPU = Debug|Any CPU
		Release|Any CPU = Release|Any CPU
	EndGlobalSection
	GlobalSection(ProjectConfigurationPlatforms) = postSolution
		{B3D6CA65-2FF9-4224-BFF6-F49A08A95576}.Debug|Any CPU.ActiveCfg = Debug|Any CPU
		{B3D6CA65-2FF9-4224-BFF6-F49A08A95576}.Debug|Any CPU.Build.0 = Debug|Any CPU
		{B3D6CA65-2FF9-4224-BFF6-F49A08A95576}.Release|Any CPU.ActiveCfg = Release|Any CPU
		{B3D6CA65-2FF9-4224-BFF6-F49A08A95576}.Release|Any CPU.Build.0 = Release|Any CPU
		{4AD9994A-4074-489A-B38B-91028ED67AC5}.Debug|Any CPU.ActiveCfg = Debug|Any CPU
		{4AD9994A-4074-489A-B38B-91028ED67AC5}.Debug|Any CPU.Build.0 = Debug|Any CPU
		{4AD9994A-4074-489A-B38B-91028ED67AC5}.Release|Any CPU.ActiveCfg = Release|Any CPU
		{4AD9994A-4074-489A-B38B-91028ED67AC5}.Release|Any CPU.Build.0 = Release|Any CPU
	EndGlobalSection
EndGlobal
